// !$*UTF8*$!
{
	archiveVersion = 1;
	classes = {
	};
	objectVersion = 46;
	objects = {

/* Begin PBXBuildFile section */
		FB4758A31C8FFE8C008AD1E3 /* AppDelegate.swift in Sources */ = {isa = PBXBuildFile; fileRef = FB4758A21C8FFE8C008AD1E3 /* AppDelegate.swift */; };
		FB4758A51C8FFE8C008AD1E3 /* ViewController.swift in Sources */ = {isa = PBXBuildFile; fileRef = FB4758A41C8FFE8C008AD1E3 /* ViewController.swift */; };
		FB4758A81C8FFE8C008AD1E3 /* Main.storyboard in Resources */ = {isa = PBXBuildFile; fileRef = FB4758A61C8FFE8C008AD1E3 /* Main.storyboard */; };
		FB4758AA1C8FFE8C008AD1E3 /* Assets.xcassets in Resources */ = {isa = PBXBuildFile; fileRef = FB4758A91C8FFE8C008AD1E3 /* Assets.xcassets */; };
		FB4758AD1C8FFE8C008AD1E3 /* LaunchScreen.storyboard in Resources */ = {isa = PBXBuildFile; fileRef = FB4758AB1C8FFE8C008AD1E3 /* LaunchScreen.storyboard */; };
		FB4758B81C8FFE8C008AD1E3 /* HW2Cs407Tests.swift in Sources */ = {isa = PBXBuildFile; fileRef = FB4758B71C8FFE8C008AD1E3 /* HW2Cs407Tests.swift */; };
		FB4758C31C8FFE8C008AD1E3 /* HW2Cs407UITests.swift in Sources */ = {isa = PBXBuildFile; fileRef = FB4758C21C8FFE8C008AD1E3 /* HW2Cs407UITests.swift */; };
		FB4758D51C934CA7008AD1E3 /* event.swift in Sources */ = {isa = PBXBuildFile; fileRef = FB4758D41C934CA7008AD1E3 /* event.swift */; };
		FB4758D71C934D1C008AD1E3 /* mouth.swift in Sources */ = {isa = PBXBuildFile; fileRef = FB4758D61C934D1C008AD1E3 /* mouth.swift */; };
		FB4758DB1C934F9F008AD1E3 /* day.swift in Sources */ = {isa = PBXBuildFile; fileRef = FB4758DA1C934F9F008AD1E3 /* day.swift */; };
		FB4758DD1C939883008AD1E3 /* addaevent.swift in Sources */ = {isa = PBXBuildFile; fileRef = FB4758DC1C939883008AD1E3 /* addaevent.swift */; };
/* End PBXBuildFile section */

/* Begin PBXContainerItemProxy section */
		FB4758B41C8FFE8C008AD1E3 /* PBXContainerItemProxy */ = {
			isa = PBXContainerItemProxy;
			containerPortal = FB4758971C8FFE8C008AD1E3 /* Project object */;
			proxyType = 1;
			remoteGlobalIDString = FB47589E1C8FFE8C008AD1E3;
			remoteInfo = HW2Cs407;
		};
		FB4758BF1C8FFE8C008AD1E3 /* PBXContainerItemProxy */ = {
			isa = PBXContainerItemProxy;
			containerPortal = FB4758971C8FFE8C008AD1E3 /* Project object */;
			proxyType = 1;
			remoteGlobalIDString = FB47589E1C8FFE8C008AD1E3;
			remoteInfo = HW2Cs407;
		};
/* End PBXContainerItemProxy section */

/* Begin PBXFileReference section */
		FB47589F1C8FFE8C008AD1E3 /* HW2Cs407.app */ = {isa = PBXFileReference; explicitFileType = wrapper.application; includeInIndex = 0; path = HW2Cs407.app; sourceTree = BUILT_PRODUCTS_DIR; };
		FB4758A21C8FFE8C008AD1E3 /* AppDelegate.swift */ = {isa = PBXFileReference; lastKnownFileType = sourcecode.swift; path = AppDelegate.swift; sourceTree = "<group>"; };
		FB4758A41C8FFE8C008AD1E3 /* ViewController.swift */ = {isa = PBXFileReference; lastKnownFileType = sourcecode.swift; path = ViewController.swift; sourceTree = "<group>"; };
		FB4758A71C8FFE8C008AD1E3 /* Base */ = {isa = PBXFileReference; lastKnownFileType = file.storyboard; name = Base; path = Base.lproj/Main.storyboard; sourceTree = "<group>"; };
		FB4758A91C8FFE8C008AD1E3 /* Assets.xcassets */ = {isa = PBXFileReference; lastKnownFileType = folder.assetcatalog; path = Assets.xcassets; sourceTree = "<group>"; };
		FB4758AC1C8FFE8C008AD1E3 /* Base */ = {isa = PBXFileReference; lastKnownFileType = file.storyboard; name = Base; path = Base.lproj/LaunchScreen.storyboard; sourceTree = "<group>"; };
		FB4758AE1C8FFE8C008AD1E3 /* Info.plist */ = {isa = PBXFileReference; lastKnownFileType = text.plist.xml; path = Info.plist; sourceTree = "<group>"; };
		FB4758B31C8FFE8C008AD1E3 /* HW2Cs407Tests.xctest */ = {isa = PBXFileReference; explicitFileType = wrapper.cfbundle; includeInIndex = 0; path = HW2Cs407Tests.xctest; sourceTree = BUILT_PRODUCTS_DIR; };
		FB4758B71C8FFE8C008AD1E3 /* HW2Cs407Tests.swift */ = {isa = PBXFileReference; lastKnownFileType = sourcecode.swift; path = HW2Cs407Tests.swift; sourceTree = "<group>"; };
		FB4758B91C8FFE8C008AD1E3 /* Info.plist */ = {isa = PBXFileReference; lastKnownFileType = text.plist.xml; path = Info.plist; sourceTree = "<group>"; };
		FB4758BE1C8FFE8C008AD1E3 /* HW2Cs407UITests.xctest */ = {isa = PBXFileReference; explicitFileType = wrapper.cfbundle; includeInIndex = 0; path = HW2Cs407UITests.xctest; sourceTree = BUILT_PRODUCTS_DIR; };
		FB4758C21C8FFE8C008AD1E3 /* HW2Cs407UITests.swift */ = {isa = PBXFileReference; lastKnownFileType = sourcecode.swift; path = HW2Cs407UITests.swift; sourceTree = "<group>"; };
		FB4758C41C8FFE8C008AD1E3 /* Info.plist */ = {isa = PBXFileReference; lastKnownFileType = text.plist.xml; path = Info.plist; sourceTree = "<group>"; };
		FB4758D41C934CA7008AD1E3 /* event.swift */ = {isa = PBXFileReference; fileEncoding = 4; lastKnownFileType = sourcecode.swift; path = event.swift; sourceTree = "<group>"; };
		FB4758D61C934D1C008AD1E3 /* mouth.swift */ = {isa = PBXFileReference; fileEncoding = 4; lastKnownFileType = sourcecode.swift; path = mouth.swift; sourceTree = "<group>"; };
		FB4758DA1C934F9F008AD1E3 /* day.swift */ = {isa = PBXFileReference; fileEncoding = 4; lastKnownFileType = sourcecode.swift; name = day.swift; path = ../day.swift; sourceTree = "<group>"; };
		FB4758DC1C939883008AD1E3 /* addaevent.swift */ = {isa = PBXFileReference; fileEncoding = 4; lastKnownFileType = sourcecode.swift; path = addaevent.swift; sourceTree = "<group>"; };
/* End PBXFileReference section */

/* Begin PBXFrameworksBuildPhase section */
		FB47589C1C8FFE8C008AD1E3 /* Frameworks */ = {
			isa = PBXFrameworksBuildPhase;
			buildActionMask = 2147483647;
			files = (
			);
			runOnlyForDeploymentPostprocessing = 0;
		};
		FB4758B01C8FFE8C008AD1E3 /* Frameworks */ = {
			isa = PBXFrameworksBuildPhase;
			buildActionMask = 2147483647;
			files = (
			);
			runOnlyForDeploymentPostprocessing = 0;
		};
		FB4758BB1C8FFE8C008AD1E3 /* Frameworks */ = {
			isa = PBXFrameworksBuildPhase;
			buildActionMask = 2147483647;
			files = (
			);
			runOnlyForDeploymentPostprocessing = 0;
		};
/* End PBXFrameworksBuildPhase section */

/* Begin PBXGroup section */
		FB4758961C8FFE8C008AD1E3 = {
			isa = PBXGroup;
			children = (
				FB4758A11C8FFE8C008AD1E3 /* HW2Cs407 */,
				FB4758B61C8FFE8C008AD1E3 /* HW2Cs407Tests */,
				FB4758C11C8FFE8C008AD1E3 /* HW2Cs407UITests */,
				FB4758A01C8FFE8C008AD1E3 /* Products */,
			);
			sourceTree = "<group>";
		};
		FB4758A01C8FFE8C008AD1E3 /* Products */ = {
			isa = PBXGroup;
			children = (
				FB47589F1C8FFE8C008AD1E3 /* HW2Cs407.app */,
				FB4758B31C8FFE8C008AD1E3 /* HW2Cs407Tests.xctest */,
				FB4758BE1C8FFE8C008AD1E3 /* HW2Cs407UITests.xctest */,
			);
			name = Products;
			sourceTree = "<group>";
		};
		FB4758A11C8FFE8C008AD1E3 /* HW2Cs407 */ = {
			isa = PBXGroup;
			children = (
				FB4758DA1C934F9F008AD1E3 /* day.swift */,
				FB4758DC1C939883008AD1E3 /* addaevent.swift */,
				FB4758A21C8FFE8C008AD1E3 /* AppDelegate.swift */,
				FB4758D61C934D1C008AD1E3 /* mouth.swift */,
				FB4758A41C8FFE8C008AD1E3 /* ViewController.swift */,
				FB4758D41C934CA7008AD1E3 /* event.swift */,
				FB4758A61C8FFE8C008AD1E3 /* Main.storyboard */,
				FB4758A91C8FFE8C008AD1E3 /* Assets.xcassets */,
				FB4758AB1C8FFE8C008AD1E3 /* LaunchScreen.storyboard */,
				FB4758AE1C8FFE8C008AD1E3 /* Info.plist */,
			);
			path = HW2Cs407;
			sourceTree = "<group>";
		};
		FB4758B61C8FFE8C008AD1E3 /* HW2Cs407Tests */ = {
			isa = PBXGroup;
			children = (
				FB4758B71C8FFE8C008AD1E3 /* HW2Cs407Tests.swift */,
				FB4758B91C8FFE8C008AD1E3 /* Info.plist */,
			);
			path = HW2Cs407Tests;
			sourceTree = "<group>";
		};
		FB4758C11C8FFE8C008AD1E3 /* HW2Cs407UITests */ = {
			isa = PBXGroup;
			children = (
				FB4758C21C8FFE8C008AD1E3 /* HW2Cs407UITests.swift */,
				FB4758C41C8FFE8C008AD1E3 /* Info.plist */,
			);
			path = HW2Cs407UITests;
			sourceTree = "<group>";
		};
/* End PBXGroup section */

/* Begin PBXNativeTarget section */
		FB47589E1C8FFE8C008AD1E3 /* HW2Cs407 */ = {
			isa = PBXNativeTarget;
			buildConfigurationList = FB4758C71C8FFE8C008AD1E3 /* Build configuration list for PBXNativeTarget "HW2Cs407" */;
			buildPhases = (
				FB47589B1C8FFE8C008AD1E3 /* Sources */,
				FB47589C1C8FFE8C008AD1E3 /* Frameworks */,
				FB47589D1C8FFE8C008AD1E3 /* Resources */,
			);
			buildRules = (
			);
			dependencies = (
			);
			name = HW2Cs407;
			productName = HW2Cs407;
			productReference = FB47589F1C8FFE8C008AD1E3 /* HW2Cs407.app */;
			productType = "com.apple.product-type.application";
		};
		FB4758B21C8FFE8C008AD1E3 /* HW2Cs407Tests */ = {
			isa = PBXNativeTarget;
			buildConfigurationList = FB4758CA1C8FFE8C008AD1E3 /* Build configuration list for PBXNativeTarget "HW2Cs407Tests" */;
			buildPhases = (
				FB4758AF1C8FFE8C008AD1E3 /* Sources */,
				FB4758B01C8FFE8C008AD1E3 /* Frameworks */,
				FB4758B11C8FFE8C008AD1E3 /* Resources */,
			);
			buildRules = (
			);
			dependencies = (
				FB4758B51C8FFE8C008AD1E3 /* PBXTargetDependency */,
			);
			name = HW2Cs407Tests;
			productName = HW2Cs407Tests;
			productReference = FB4758B31C8FFE8C008AD1E3 /* HW2Cs407Tests.xctest */;
			productType = "com.apple.product-type.bundle.unit-test";
		};
		FB4758BD1C8FFE8C008AD1E3 /* HW2Cs407UITests */ = {
			isa = PBXNativeTarget;
			buildConfigurationList = FB4758CD1C8FFE8C008AD1E3 /* Build configuration list for PBXNativeTarget "HW2Cs407UITests" */;
			buildPhases = (
				FB4758BA1C8FFE8C008AD1E3 /* Sources */,
				FB4758BB1C8FFE8C008AD1E3 /* Frameworks */,
				FB4758BC1C8FFE8C008AD1E3 /* Resources */,
			);
			buildRules = (
			);
			dependencies = (
				FB4758C01C8FFE8C008AD1E3 /* PBXTargetDependency */,
			);
			name = HW2Cs407UITests;
			productName = HW2Cs407UITests;
			productReference = FB4758BE1C8FFE8C008AD1E3 /* HW2Cs407UITests.xctest */;
			productType = "com.apple.product-type.bundle.ui-testing";
		};
/* End PBXNativeTarget section */

/* Begin PBXProject section */
		FB4758971C8FFE8C008AD1E3 /* Project object */ = {
			isa = PBXProject;
			attributes = {
				LastSwiftUpdateCheck = 0720;
				LastUpgradeCheck = 0720;
				ORGANIZATIONNAME = ZhangYipeng;
				TargetAttributes = {
					FB47589E1C8FFE8C008AD1E3 = {
						CreatedOnToolsVersion = 7.2.1;
					};
					FB4758B21C8FFE8C008AD1E3 = {
						CreatedOnToolsVersion = 7.2.1;
						TestTargetID = FB47589E1C8FFE8C008AD1E3;
					};
					FB4758BD1C8FFE8C008AD1E3 = {
						CreatedOnToolsVersion = 7.2.1;
						TestTargetID = FB47589E1C8FFE8C008AD1E3;
					};
				};
			};
			buildConfigurationList = FB47589A1C8FFE8C008AD1E3 /* Build configuration list for PBXProject "HW2Cs407" */;
			compatibilityVersion = "Xcode 3.2";
			developmentRegion = English;
			hasScannedForEncodings = 0;
			knownRegions = (
				en,
				Base,
			);
			mainGroup = FB4758961C8FFE8C008AD1E3;
			productRefGroup = FB4758A01C8FFE8C008AD1E3 /* Products */;
			projectDirPath = "";
			projectRoot = "";
			targets = (
				FB47589E1C8FFE8C008AD1E3 /* HW2Cs407 */,
				FB4758B21C8FFE8C008AD1E3 /* HW2Cs407Tests */,
				FB4758BD1C8FFE8C008AD1E3 /* HW2Cs407UITests */,
			);
		};
/* End PBXProject section */

/* Begin PBXResourcesBuildPhase section */
		FB47589D1C8FFE8C008AD1E3 /* Resources */ = {
			isa = PBXResourcesBuildPhase;
			buildActionMask = 2147483647;
			files = (
				FB4758AD1C8FFE8C008AD1E3 /* LaunchScreen.storyboard in Resources */,
				FB4758AA1C8FFE8C008AD1E3 /* Assets.xcassets in Resources */,
				FB4758A81C8FFE8C008AD1E3 /* Main.storyboard in Resources */,
			);
			runOnlyForDeploymentPostprocessing = 0;
		};
		FB4758B11C8FFE8C008AD1E3 /* Resources */ = {
			isa = PBXResourcesBuildPhase;
			buildActionMask = 2147483647;
			files = (
			);
			runOnlyForDeploymentPostprocessing = 0;
		};
		FB4758BC1C8FFE8C008AD1E3 /* Resources */ = {
			isa = PBXResourcesBuildPhase;
			buildActionMask = 2147483647;
			files = (
			);
			runOnlyForDeploymentPostprocessing = 0;
		};
/* End PBXResourcesBuildPhase section */

/* Begin PBXSourcesBuildPhase section */
		FB47589B1C8FFE8C008AD1E3 /* Sources */ = {
			isa = PBXSourcesBuildPhase;
			buildActionMask = 2147483647;
			files = (
				FB4758A51C8FFE8C008AD1E3 /* ViewController.swift in Sources */,
				FB4758D71C934D1C008AD1E3 /* mouth.swift in Sources */,
				FB4758A31C8FFE8C008AD1E3 /* AppDelegate.swift in Sources */,
				FB4758DB1C934F9F008AD1E3 /* day.swift in Sources */,
				FB4758DD1C939883008AD1E3 /* addaevent.swift in Sources */,
				FB4758D51C934CA7008AD1E3 /* event.swift in Sources */,
			);
			runOnlyForDeploymentPostprocessing = 0;
		};
		FB4758AF1C8FFE8C008AD1E3 /* Sources */ = {
			isa = PBXSourcesBuildPhase;
			buildActionMask = 2147483647;
			files = (
				FB4758B81C8FFE8C008AD1E3 /* HW2Cs407Tests.swift in Sources */,
			);
			runOnlyForDeploymentPostprocessing = 0;
		};
		FB4758BA1C8FFE8C008AD1E3 /* Sources */ = {
			isa = PBXSourcesBuildPhase;
			buildActionMask = 2147483647;
			files = (
				FB4758C31C8FFE8C008AD1E3 /* HW2Cs407UITests.swift in Sources */,
			);
			runOnlyForDeploymentPostprocessing = 0;
		};
/* End PBXSourcesBuildPhase section */

/* Begin PBXTargetDependency section */
		FB4758B51C8FFE8C008AD1E3 /* PBXTargetDependency */ = {
			isa = PBXTargetDependency;
			target = FB47589E1C8FFE8C008AD1E3 /* HW2Cs407 */;
			targetProxy = FB4758B41C8FFE8C008AD1E3 /* PBXContainerItemProxy */;
		};
		FB4758C01C8FFE8C008AD1E3 /* PBXTargetDependency */ = {
			isa = PBXTargetDependency;
			target = FB47589E1C8FFE8C008AD1E3 /* HW2Cs407 */;
			targetProxy = FB4758BF1C8FFE8C008AD1E3 /* PBXContainerItemProxy */;
		};
/* End PBXTargetDependency section */

/* Begin PBXVariantGroup section */
		FB4758A61C8FFE8C008AD1E3 /* Main.storyboard */ = {
			isa = PBXVariantGroup;
			children = (
				FB4758A71C8FFE8C008AD1E3 /* Base */,
			);
			name = Main.storyboard;
			sourceTree = "<group>";
		};
		FB4758AB1C8FFE8C008AD1E3 /* LaunchScreen.storyboard */ = {
			isa = PBXVariantGroup;
			children = (
				FB4758AC1C8FFE8C008AD1E3 /* Base */,
			);
			name = LaunchScreen.storyboard;
			sourceTree = "<group>";
		};
/* End PBXVariantGroup section */

/* Begin XCBuildConfiguration section */
		FB4758C51C8FFE8C008AD1E3 /* Debug */ = {
			isa = XCBuildConfiguration;
			buildSettings = {
				ALWAYS_SEARCH_USER_PATHS = NO;
				CLANG_CXX_LANGUAGE_STANDARD = "gnu++0x";
				CLANG_CXX_LIBRARY = "libc++";
				CLANG_ENABLE_MODULES = YES;
				CLANG_ENABLE_OBJC_ARC = YES;
				CLANG_WARN_BOOL_CONVERSION = YES;
				CLANG_WARN_CONSTANT_CONVERSION = YES;
				CLANG_WARN_DIRECT_OBJC_ISA_USAGE = YES_ERROR;
				CLANG_WARN_EMPTY_BODY = YES;
				CLANG_WARN_ENUM_CONVERSION = YES;
				CLANG_WARN_INT_CONVERSION = YES;
				CLANG_WARN_OBJC_ROOT_CLASS = YES_ERROR;
				CLANG_WARN_UNREACHABLE_CODE = YES;
				CLANG_WARN__DUPLICATE_METHOD_MATCH = YES;
				"CODE_SIGN_IDENTITY[sdk=iphoneos*]" = "iPhone Developer";
				COPY_PHASE_STRIP = NO;
				DEBUG_INFORMATION_FORMAT = dwarf;
				ENABLE_STRICT_OBJC_MSGSEND = YES;
				ENABLE_TESTABILITY = YES;
				GCC_C_LANGUAGE_STANDARD = gnu99;
				GCC_DYNAMIC_NO_PIC = NO;
				GCC_NO_COMMON_BLOCKS = YES;
				GCC_OPTIMIZATION_LEVEL = 0;
				GCC_PREPROCESSOR_DEFINITIONS = (
					"DEBUG=1",
					"$(inherited)",
				);
				GCC_WARN_64_TO_32_BIT_CONVERSION = YES;
				GCC_WARN_ABOUT_RETURN_TYPE = YES_ERROR;
				GCC_WARN_UNDECLARED_SELECTOR = YES;
				GCC_WARN_UNINITIALIZED_AUTOS = YES_AGGRESSIVE;
				GCC_WARN_UNUSED_FUNCTION = YES;
				GCC_WARN_UNUSED_VARIABLE = YES;
				IPHONEOS_DEPLOYMENT_TARGET = 9.2;
				MTL_ENABLE_DEBUG_INFO = YES;
				ONLY_ACTIVE_ARCH = YES;
				SDKROOT = iphoneos;
				SWIFT_OPTIMIZATION_LEVEL = "-Onone";
			};
			name = Debug;
		};
		FB4758C61C8FFE8C008AD1E3 /* Release */ = {
			isa = XCBuildConfiguration;
			buildSettings = {
				ALWAYS_SEARCH_USER_PATHS = NO;
				CLANG_CXX_LANGUAGE_STANDARD = "gnu++0x";
				CLANG_CXX_LIBRARY = "libc++";
				CLANG_ENABLE_MODULES = YES;
				CLANG_ENABLE_OBJC_ARC = YES;
				CLANG_WARN_BOOL_CONVERSION = YES;
				CLANG_WARN_CONSTANT_CONVERSION = YES;
				CLANG_WARN_DIRECT_OBJC_ISA_USAGE = YES_ERROR;
				CLANG_WARN_EMPTY_BODY = YES;
				CLANG_WARN_ENUM_CONVERSION = YES;
				CLANG_WARN_INT_CONVERSION = YES;
				CLANG_WARN_OBJC_ROOT_CLASS = YES_ERROR;
				CLANG_WARN_UNREACHABLE_CODE = YES;
				CLANG_WARN__DUPLICATE_METHOD_MATCH = YES;
				"CODE_SIGN_IDENTITY[sdk=iphoneos*]" = "iPhone Developer";
				COPY_PHASE_STRIP = NO;
				DEBUG_INFORMATION_FORMAT = "dwarf-with-dsym";
				ENABLE_NS_ASSERTIONS = NO;
				ENABLE_STRICT_OBJC_MSGSEND = YES;
				GCC_C_LANGUAGE_STANDARD = gnu99;
				GCC_NO_COMMON_BLOCKS = YES;
				GCC_WARN_64_TO_32_BIT_CONVERSION = YES;
				GCC_WARN_ABOUT_RETURN_TYPE = YES_ERROR;
				GCC_WARN_UNDECLARED_SELECTOR = YES;
				GCC_WARN_UNINITIALIZED_AUTOS = YES_AGGRESSIVE;
				GCC_WARN_UNUSED_FUNCTION = YES;
				GCC_WARN_UNUSED_VARIABLE = YES;
				IPHONEOS_DEPLOYMENT_TARGET = 9.2;
				MTL_ENABLE_DEBUG_INFO = NO;
				SDKROOT = iphoneos;
				VALIDATE_PRODUCT = YES;
			};
			name = Release;
		};
		FB4758C81C8FFE8C008AD1E3 /* Debug */ = {
			isa = XCBuildConfiguration;
			buildSettings = {
				ASSETCATALOG_COMPILER_APPICON_NAME = AppIcon;
				INFOPLIST_FILE = HW2Cs407/Info.plist;
				LD_RUNPATH_SEARCH_PATHS = "$(inherited) @executable_path/Frameworks";
				PRODUCT_BUNDLE_IDENTIFIER = com.yipeng.HW2Cs407;
				PRODUCT_NAME = "$(TARGET_NAME)";
			};
			name = Debug;
		};
		FB4758C91C8FFE8C008AD1E3 /* Release */ = {
			isa = XCBuildConfiguration;
			buildSettings = {
				ASSETCATALOG_COMPILER_APPICON_NAME = AppIcon;
				INFOPLIST_FILE = HW2Cs407/Info.plist;
				LD_RUNPATH_SEARCH_PATHS = "$(inherited) @executable_path/Frameworks";
				PRODUCT_BUNDLE_IDENTIFIER = com.yipeng.HW2Cs407;
				PRODUCT_NAME = "$(TARGET_NAME)";
			};
			name = Release;
		};
		FB4758CB1C8FFE8C008AD1E3 /* Debug */ = {
			isa = XCBuildConfiguration;
			buildSettings = {
				BUNDLE_LOADER = "$(TEST_HOST)";
				INFOPLIST_FILE = HW2Cs407Tests/Info.plist;
				LD_RUNPATH_SEARCH_PATHS = "$(inherited) @executable_path/Frameworks @loader_path/Frameworks";
				PRODUCT_BUNDLE_IDENTIFIER = com.yipeng.HW2Cs407Tests;
				PRODUCT_NAME = "$(TARGET_NAME)";
				TEST_HOST = "$(BUILT_PRODUCTS_DIR)/HW2Cs407.app/HW2Cs407";
			};
			name = Debug;
		};
		FB4758CC1C8FFE8C008AD1E3 /* Release */ = {
			isa = XCBuildConfiguration;
			buildSettings = {
				BUNDLE_LOADER = "$(TEST_HOST)";
				INFOPLIST_FILE = HW2Cs407Tests/Info.plist;
				LD_RUNPATH_SEARCH_PATHS = "$(inherited) @executable_path/Frameworks @loader_path/Frameworks";
				PRODUCT_BUNDLE_IDENTIFIER = com.yipeng.HW2Cs407Tests;
				PRODUCT_NAME = "$(TARGET_NAME)";
				TEST_HOST = "$(BUILT_PRODUCTS_DIR)/HW2Cs407.app/HW2Cs407";
			};
			name = Release;
		};
		FB4758CE1C8FFE8C008AD1E3 /* Debug */ = {
			isa = XCBuildConfiguration;
			buildSettings = {
				INFOPLIST_FILE = HW2Cs407UITests/Info.plist;
				LD_RUNPATH_SEARCH_PATHS = "$(inherited) @executable_path/Frameworks @loader_path/Frameworks";
				PRODUCT_BUNDLE_IDENTIFIER = com.yipeng.HW2Cs407UITests;
				PRODUCT_NAME = "$(TARGET_NAME)";
				TEST_TARGET_NAME = HW2Cs407;
				USES_XCTRUNNER = YES;
			};
			name = Debug;
		};
		FB4758CF1C8FFE8C008AD1E3 /* Release */ = {
			isa = XCBuildConfiguration;
			buildSettings = {
				INFOPLIST_FILE = HW2Cs407UITests/Info.plist;
				LD_RUNPATH_SEARCH_PATHS = "$(inherited) @executable_path/Frameworks @loader_path/Frameworks";
				PRODUCT_BUNDLE_IDENTIFIER = com.yipeng.HW2Cs407UITests;
				PRODUCT_NAME = "$(TARGET_NAME)";
				TEST_TARGET_NAME = HW2Cs407;
				USES_XCTRUNNER = YES;
			};
			name = Release;
		};
/* End XCBuildConfiguration section */

/* Begin XCConfigurationList section */
		FB47589A1C8FFE8C008AD1E3 /* Build configuration list for PBXProject "HW2Cs407" */ = {
			isa = XCConfigurationList;
			buildConfigurations = (
				FB4758C51C8FFE8C008AD1E3 /* Debug */,
				FB4758C61C8FFE8C008AD1E3 /* Release */,
			);
			defaultConfigurationIsVisible = 0;
			defaultConfigurationName = Release;
		};
		FB4758C71C8FFE8C008AD1E3 /* Build configuration list for PBXNativeTarget "HW2Cs407" */ = {
			isa = XCConfigurationList;
			buildConfigurations = (
				FB4758C81C8FFE8C008AD1E3 /* Debug */,
				FB4758C91C8FFE8C008AD1E3 /* Release */,
			);
			defaultConfigurationIsVisible = 0;
		};
		FB4758CA1C8FFE8C008AD1E3 /* Build configuration list for PBXNativeTarget "HW2Cs407Tests" */ = {
			isa = XCConfigurationList;
			buildConfigurations = (
				FB4758CB1C8FFE8C008AD1E3 /* Debug */,
				FB4758CC1C8FFE8C008AD1E3 /* Release */,
			);
			defaultConfigurationIsVisible = 0;
		};
		FB4758CD1C8FFE8C008AD1E3 /* Build configuration list for PBXNativeTarget "HW2Cs407UITests" */ = {
			isa = XCConfigurationList;
			buildConfigurations = (
				FB4758CE1C8FFE8C008AD1E3 /* Debug */,
				FB4758CF1C8FFE8C008AD1E3 /* Release */,
			);
			defaultConfigurationIsVisible = 0;
		};
/* End XCConfigurationList section */
	};
	rootObject = FB4758971C8FFE8C008AD1E3 /* Project object */;
}
